
Microsoft Visual Studio Solution File, Format Version 12.00
# Visual Studio 15
VisualStudioVersion = 15.0.28307.902
MinimumVisualStudioVersion = 10.0.40219.1
Project("{9A19103F-16F7-4668-BE54-9A1E7A4F7556}") = "Serilog.Core", "Serilog.Core\Serilog.Core.csproj", "{0DD98A8E-BC45-4706-9086-7A119E299954}"
EndProject
Global
	GlobalSection(SolutionConfigurationPlatforms) = preSolution
		Debug|Any CPU = Debug|Any CPU
		Release|Any CPU = Release|Any CPU
	EndGlobalSection
	GlobalSection(ProjectConfigurationPlatforms) = postSolution
		{0DD98A8E-BC45-4706-9086-7A119E299954}.Debug|Any CPU.ActiveCfg = Debug|Any CPU
		{0DD98A8E-BC45-4706-9086-7A119E299954}.Debug|Any CPU.Build.0 = Debug|Any CPU
		{0DD98A8E-BC45-4706-9086-7A119E299954}.Release|Any CPU.ActiveCfg = Release|Any CPU
		{0DD98A8E-BC45-4706-9086-7A119E299954}.Release|Any CPU.Build.0 = Release|Any CPU
	EndGlobalSection
	GlobalSection(SolutionProperties) = preSolution
		HideSolutionNode = FALSE
	EndGlobalSection
	GlobalSection(ExtensibilityGlobals) = postSolution
		SolutionGuid = {8EB477AB-E241-4D13-8507-AE1A45FE2B02}
	EndGlobalSection
EndGlobal
